
Microsoft Visual Studio Solution File, Format Version 12.00
# Visual Studio 15
VisualStudioVersion = 15.0.27130.2010
MinimumVisualStudioVersion = 10.0.40219.1
Project("{FAE04EC0-301F-11D3-BF4B-00C04F79EFBC}") = "Calculator", "Calculator\Calculator.csproj", "{83C22766-5E01-4B4B-973B-B53E4D0CDF28}"
EndProject
Project("{FAE04EC0-301F-11D3-BF4B-00C04F79EFBC}") = "Calculator_UnitTests", "Calculator_UnitTests\Calculator_UnitTests.csproj", "{179DDB4A-B1B1-4C7B-9902-ACCFE19F8214}"
EndProject
Global
	GlobalSection(SolutionConfigurationPlatforms) = preSolution
		Debug|Any CPU = Debug|Any CPU
		Release|Any CPU = Release|Any CPU
	EndGlobalSection
	GlobalSection(ProjectConfigurationPlatforms) = postSolution
		{83C22766-5E01-4B4B-973B-B53E4D0CDF28}.Debug|Any CPU.ActiveCfg = Debug|Any CPU
		{83C22766-5E01-4B4B-973B-B53E4D0CDF28}.Debug|Any CPU.Build.0 = Debug|Any CPU
		{83C22766-5E01-4B4B-973B-B53E4D0CDF28}.Release|Any CPU.ActiveCfg = Release|Any CPU
		{83C22766-5E01-4B4B-973B-B53E4D0CDF28}.Release|Any CPU.Build.0 = Release|Any CPU
		{179DDB4A-B1B1-4C7B-9902-ACCFE19F8214}.Debug|Any CPU.ActiveCfg = Debug|Any CPU
		{179DDB4A-B1B1-4C7B-9902-ACCFE19F8214}.Debug|Any CPU.Build.0 = Debug|Any CPU
		{179DDB4A-B1B1-4C7B-9902-ACCFE19F8214}.Release|Any CPU.ActiveCfg = Release|Any CPU
		{179DDB4A-B1B1-4C7B-9902-ACCFE19F8214}.Release|Any CPU.Build.0 = Release|Any CPU
	EndGlobalSection
	GlobalSection(SolutionProperties) = preSolution
		HideSolutionNode = FALSE
	EndGlobalSection
	GlobalSection(ExtensibilityGlobals) = postSolution
		SolutionGuid = {341B1F39-76B6-4ACC-AFCA-103E994091C2}
	EndGlobalSection
EndGlobal
